
Microsoft Visual Studio Solution File, Format Version 12.00
# Visual Studio 15
VisualStudioVersion = 15.0.28307.168
MinimumVisualStudioVersion = 10.0.40219.1
Project("{FAE04EC0-301F-11D3-BF4B-00C04F79EFBC}") = "FluentValidationExemple", "FluentValidationExemple\FluentValidationExemple.csproj", "{0685CE0F-1DEF-4F94-ABA9-C93786F4F569}"
EndProject
Global
	GlobalSection(SolutionConfigurationPlatforms) = preSolution
		Debug|Any CPU = Debug|Any CPU
		Release|Any CPU = Release|Any CPU
	EndGlobalSection
	GlobalSection(ProjectConfigurationPlatforms) = postSolution
		{0685CE0F-1DEF-4F94-ABA9-C93786F4F569}.Debug|Any CPU.ActiveCfg = Debug|Any CPU
		{0685CE0F-1DEF-4F94-ABA9-C93786F4F569}.Debug|Any CPU.Build.0 = Debug|Any CPU
		{0685CE0F-1DEF-4F94-ABA9-C93786F4F569}.Release|Any CPU.ActiveCfg = Release|Any CPU
		{0685CE0F-1DEF-4F94-ABA9-C93786F4F569}.Release|Any CPU.Build.0 = Release|Any CPU
	EndGlobalSection
	GlobalSection(SolutionProperties) = preSolution
		HideSolutionNode = FALSE
	EndGlobalSection
	GlobalSection(ExtensibilityGlobals) = postSolution
		SolutionGuid = {6AF683C1-528B-49ED-970E-074B7E46B224}
	EndGlobalSection
EndGlobal
